// !$*UTF8*$!
{
	archiveVersion = 1;
	classes = {
	};
	objectVersion = 46;
	objects = {

/* Begin PBXBuildFile section */
		03549CF230766988A7E38948 /* Pods_FreqAlertsTests.framework in Frameworks */ = {isa = PBXBuildFile; fileRef = 9F175E94FDD933779054998B /* Pods_FreqAlertsTests.framework */; };
		B42893D01E99363500066612 /* ListenVC.swift in Sources */ = {isa = PBXBuildFile; fileRef = B42893CF1E99363500066612 /* ListenVC.swift */; };
		B442698E1E9896A70054EFD1 /* AppDelegate.swift in Sources */ = {isa = PBXBuildFile; fileRef = B442698D1E9896A70054EFD1 /* AppDelegate.swift */; };
		B44269901E9896A70054EFD1 /* ViewController.swift in Sources */ = {isa = PBXBuildFile; fileRef = B442698F1E9896A70054EFD1 /* ViewController.swift */; };
		B44269931E9896A70054EFD1 /* Main.storyboard in Resources */ = {isa = PBXBuildFile; fileRef = B44269911E9896A70054EFD1 /* Main.storyboard */; };
		B44269951E9896A70054EFD1 /* Assets.xcassets in Resources */ = {isa = PBXBuildFile; fileRef = B44269941E9896A70054EFD1 /* Assets.xcassets */; };
		B44269981E9896A70054EFD1 /* LaunchScreen.storyboard in Resources */ = {isa = PBXBuildFile; fileRef = B44269961E9896A70054EFD1 /* LaunchScreen.storyboard */; };
		B44269A31E9896A70054EFD1 /* FreqAlertsTests.swift in Sources */ = {isa = PBXBuildFile; fileRef = B44269A21E9896A70054EFD1 /* FreqAlertsTests.swift */; };
		B44269AE1E9896A70054EFD1 /* FreqAlertsUITests.swift in Sources */ = {isa = PBXBuildFile; fileRef = B44269AD1E9896A70054EFD1 /* FreqAlertsUITests.swift */; };
		B4518E701E997A2D00D8E66D /* UserDefaultsController.swift in Sources */ = {isa = PBXBuildFile; fileRef = B4518E6F1E997A2D00D8E66D /* UserDefaultsController.swift */; };
		B45622721E9B036E00C90354 /* WaveAlertPieChart.swift in Sources */ = {isa = PBXBuildFile; fileRef = B45622711E9B036E00C90354 /* WaveAlertPieChart.swift */; };
		B45622771E9B123400C90354 /* slowrise.m4r in Resources */ = {isa = PBXBuildFile; fileRef = B45622761E9B123400C90354 /* slowrise.m4r */; };
		B45622791E9B164400C90354 /* AttributedStringHelper.swift in Sources */ = {isa = PBXBuildFile; fileRef = B45622781E9B164400C90354 /* AttributedStringHelper.swift */; };
		B4DFAEA91E99542F00B1AA0A /* FormattingService.swift in Sources */ = {isa = PBXBuildFile; fileRef = B4DFAEA81E99542F00B1AA0A /* FormattingService.swift */; };
		B4DFAEAD1E99597100B1AA0A /* NotificationTypeCell.swift in Sources */ = {isa = PBXBuildFile; fileRef = B4DFAEAB1E99597100B1AA0A /* NotificationTypeCell.swift */; };
		B4DFAEAE1E99597100B1AA0A /* NotificationTypeCell.xib in Resources */ = {isa = PBXBuildFile; fileRef = B4DFAEAC1E99597100B1AA0A /* NotificationTypeCell.xib */; };
		B4DFAEB01E995A7800B1AA0A /* PreferencesVC.swift in Sources */ = {isa = PBXBuildFile; fileRef = B4DFAEAF1E995A7800B1AA0A /* PreferencesVC.swift */; };
		B4DFAEB41E99651400B1AA0A /* AlarmResponseType.swift in Sources */ = {isa = PBXBuildFile; fileRef = B4DFAEB31E99651400B1AA0A /* AlarmResponseType.swift */; };
		B4DFAEB61E996CDC00B1AA0A /* ImageService.swift in Sources */ = {isa = PBXBuildFile; fileRef = B4DFAEB51E996CDC00B1AA0A /* ImageService.swift */; };
		DACB295FFCC28D086C3F89ED /* Pods_FreqAlerts.framework in Frameworks */ = {isa = PBXBuildFile; fileRef = A3B297829F8F503856FF815D /* Pods_FreqAlerts.framework */; };
		F9DB2E53BDF25C23EC4B2DC0 /* Pods_FreqAlertsUITests.framework in Frameworks */ = {isa = PBXBuildFile; fileRef = DE53042E3E902AFF11997EB5 /* Pods_FreqAlertsUITests.framework */; };
/* End PBXBuildFile section */

/* Begin PBXContainerItemProxy section */
		B442699F1E9896A70054EFD1 /* PBXContainerItemProxy */ = {
			isa = PBXContainerItemProxy;
			containerPortal = B44269821E9896A70054EFD1 /* Project object */;
			proxyType = 1;
			remoteGlobalIDString = B44269891E9896A70054EFD1;
			remoteInfo = FreqAlerts;
		};
		B44269AA1E9896A70054EFD1 /* PBXContainerItemProxy */ = {
			isa = PBXContainerItemProxy;
			containerPortal = B44269821E9896A70054EFD1 /* Project object */;
			proxyType = 1;
			remoteGlobalIDString = B44269891E9896A70054EFD1;
			remoteInfo = FreqAlerts;
		};
/* End PBXContainerItemProxy section */

/* Begin PBXFileReference section */
		0D0532D3E0838EDBF3C70C12 /* Pods-FreqAlerts.debug.xcconfig */ = {isa = PBXFileReference; includeInIndex = 1; lastKnownFileType = text.xcconfig; name = "Pods-FreqAlerts.debug.xcconfig"; path = "Pods/Target Support Files/Pods-FreqAlerts/Pods-FreqAlerts.debug.xcconfig"; sourceTree = "<group>"; };
		60E7AC26584D7A6905C85880 /* Pods-FreqAlertsTests.debug.xcconfig */ = {isa = PBXFileReference; includeInIndex = 1; lastKnownFileType = text.xcconfig; name = "Pods-FreqAlertsTests.debug.xcconfig"; path = "Pods/Target Support Files/Pods-FreqAlertsTests/Pods-FreqAlertsTests.debug.xcconfig"; sourceTree = "<group>"; };
		7F89C2BD29E137ED7D8538C0 /* Pods-FreqAlertsTests.release.xcconfig */ = {isa = PBXFileReference; includeInIndex = 1; lastKnownFileType = text.xcconfig; name = "Pods-FreqAlertsTests.release.xcconfig"; path = "Pods/Target Support Files/Pods-FreqAlertsTests/Pods-FreqAlertsTests.release.xcconfig"; sourceTree = "<group>"; };
		9F175E94FDD933779054998B /* Pods_FreqAlertsTests.framework */ = {isa = PBXFileReference; explicitFileType = wrapper.framework; includeInIndex = 0; path = Pods_FreqAlertsTests.framework; sourceTree = BUILT_PRODUCTS_DIR; };
		A3B297829F8F503856FF815D /* Pods_FreqAlerts.framework */ = {isa = PBXFileReference; explicitFileType = wrapper.framework; includeInIndex = 0; path = Pods_FreqAlerts.framework; sourceTree = BUILT_PRODUCTS_DIR; };
		A40C16F3B818C93E058AD1D3 /* Pods-FreqAlertsUITests.release.xcconfig */ = {isa = PBXFileReference; includeInIndex = 1; lastKnownFileType = text.xcconfig; name = "Pods-FreqAlertsUITests.release.xcconfig"; path = "Pods/Target Support Files/Pods-FreqAlertsUITests/Pods-FreqAlertsUITests.release.xcconfig"; sourceTree = "<group>"; };
		AB3A21F5642C0434D7A2DD6D /* Pods-FreqAlertsUITests.debug.xcconfig */ = {isa = PBXFileReference; includeInIndex = 1; lastKnownFileType = text.xcconfig; name = "Pods-FreqAlertsUITests.debug.xcconfig"; path = "Pods/Target Support Files/Pods-FreqAlertsUITests/Pods-FreqAlertsUITests.debug.xcconfig"; sourceTree = "<group>"; };
		B42893CF1E99363500066612 /* ListenVC.swift */ = {isa = PBXFileReference; fileEncoding = 4; lastKnownFileType = sourcecode.swift; path = ListenVC.swift; sourceTree = "<group>"; };
		B442698A1E9896A70054EFD1 /* FreqAlerts.app */ = {isa = PBXFileReference; explicitFileType = wrapper.application; includeInIndex = 0; path = FreqAlerts.app; sourceTree = BUILT_PRODUCTS_DIR; };
		B442698D1E9896A70054EFD1 /* AppDelegate.swift */ = {isa = PBXFileReference; lastKnownFileType = sourcecode.swift; path = AppDelegate.swift; sourceTree = "<group>"; };
		B442698F1E9896A70054EFD1 /* ViewController.swift */ = {isa = PBXFileReference; lastKnownFileType = sourcecode.swift; path = ViewController.swift; sourceTree = "<group>"; };
		B44269921E9896A70054EFD1 /* Base */ = {isa = PBXFileReference; lastKnownFileType = file.storyboard; name = Base; path = Base.lproj/Main.storyboard; sourceTree = "<group>"; };
		B44269941E9896A70054EFD1 /* Assets.xcassets */ = {isa = PBXFileReference; lastKnownFileType = folder.assetcatalog; path = Assets.xcassets; sourceTree = "<group>"; };
		B44269971E9896A70054EFD1 /* Base */ = {isa = PBXFileReference; lastKnownFileType = file.storyboard; name = Base; path = Base.lproj/LaunchScreen.storyboard; sourceTree = "<group>"; };
		B44269991E9896A70054EFD1 /* Info.plist */ = {isa = PBXFileReference; lastKnownFileType = text.plist.xml; path = Info.plist; sourceTree = "<group>"; };
		B442699E1E9896A70054EFD1 /* FreqAlertsTests.xctest */ = {isa = PBXFileReference; explicitFileType = wrapper.cfbundle; includeInIndex = 0; path = FreqAlertsTests.xctest; sourceTree = BUILT_PRODUCTS_DIR; };
		B44269A21E9896A70054EFD1 /* FreqAlertsTests.swift */ = {isa = PBXFileReference; lastKnownFileType = sourcecode.swift; path = FreqAlertsTests.swift; sourceTree = "<group>"; };
		B44269A41E9896A70054EFD1 /* Info.plist */ = {isa = PBXFileReference; lastKnownFileType = text.plist.xml; path = Info.plist; sourceTree = "<group>"; };
		B44269A91E9896A70054EFD1 /* FreqAlertsUITests.xctest */ = {isa = PBXFileReference; explicitFileType = wrapper.cfbundle; includeInIndex = 0; path = FreqAlertsUITests.xctest; sourceTree = BUILT_PRODUCTS_DIR; };
		B44269AD1E9896A70054EFD1 /* FreqAlertsUITests.swift */ = {isa = PBXFileReference; lastKnownFileType = sourcecode.swift; path = FreqAlertsUITests.swift; sourceTree = "<group>"; };
		B44269AF1E9896A70054EFD1 /* Info.plist */ = {isa = PBXFileReference; lastKnownFileType = text.plist.xml; path = Info.plist; sourceTree = "<group>"; };
		B4518E6F1E997A2D00D8E66D /* UserDefaultsController.swift */ = {isa = PBXFileReference; fileEncoding = 4; lastKnownFileType = sourcecode.swift; path = UserDefaultsController.swift; sourceTree = "<group>"; };
		B45622711E9B036E00C90354 /* WaveAlertPieChart.swift */ = {isa = PBXFileReference; fileEncoding = 4; lastKnownFileType = sourcecode.swift; path = WaveAlertPieChart.swift; sourceTree = "<group>"; };
		B45622761E9B123400C90354 /* slowrise.m4r */ = {isa = PBXFileReference; lastKnownFileType = file; path = slowrise.m4r; sourceTree = "<group>"; };
		B45622781E9B164400C90354 /* AttributedStringHelper.swift */ = {isa = PBXFileReference; fileEncoding = 4; lastKnownFileType = sourcecode.swift; path = AttributedStringHelper.swift; sourceTree = "<group>"; };
		B4DFAEA81E99542F00B1AA0A /* FormattingService.swift */ = {isa = PBXFileReference; fileEncoding = 4; lastKnownFileType = sourcecode.swift; path = FormattingService.swift; sourceTree = "<group>"; };
		B4DFAEAB1E99597100B1AA0A /* NotificationTypeCell.swift */ = {isa = PBXFileReference; fileEncoding = 4; lastKnownFileType = sourcecode.swift; path = NotificationTypeCell.swift; sourceTree = "<group>"; };
		B4DFAEAC1E99597100B1AA0A /* NotificationTypeCell.xib */ = {isa = PBXFileReference; fileEncoding = 4; lastKnownFileType = file.xib; path = NotificationTypeCell.xib; sourceTree = "<group>"; };
		B4DFAEAF1E995A7800B1AA0A /* PreferencesVC.swift */ = {isa = PBXFileReference; fileEncoding = 4; lastKnownFileType = sourcecode.swift; path = PreferencesVC.swift; sourceTree = "<group>"; };
		B4DFAEB31E99651400B1AA0A /* AlarmResponseType.swift */ = {isa = PBXFileReference; fileEncoding = 4; lastKnownFileType = sourcecode.swift; path = AlarmResponseType.swift; sourceTree = "<group>"; };
		B4DFAEB51E996CDC00B1AA0A /* ImageService.swift */ = {isa = PBXFileReference; fileEncoding = 4; lastKnownFileType = sourcecode.swift; path = ImageService.swift; sourceTree = "<group>"; };
		C20D0C7F228DB71B458D24BF /* Pods-FreqAlerts.release.xcconfig */ = {isa = PBXFileReference; includeInIndex = 1; lastKnownFileType = text.xcconfig; name = "Pods-FreqAlerts.release.xcconfig"; path = "Pods/Target Support Files/Pods-FreqAlerts/Pods-FreqAlerts.release.xcconfig"; sourceTree = "<group>"; };
		DE53042E3E902AFF11997EB5 /* Pods_FreqAlertsUITests.framework */ = {isa = PBXFileReference; explicitFileType = wrapper.framework; includeInIndex = 0; path = Pods_FreqAlertsUITests.framework; sourceTree = BUILT_PRODUCTS_DIR; };
/* End PBXFileReference section */

/* Begin PBXFrameworksBuildPhase section */
		B44269871E9896A70054EFD1 /* Frameworks */ = {
			isa = PBXFrameworksBuildPhase;
			buildActionMask = 2147483647;
			files = (
				DACB295FFCC28D086C3F89ED /* Pods_FreqAlerts.framework in Frameworks */,
			);
			runOnlyForDeploymentPostprocessing = 0;
		};
		B442699B1E9896A70054EFD1 /* Frameworks */ = {
			isa = PBXFrameworksBuildPhase;
			buildActionMask = 2147483647;
			files = (
				03549CF230766988A7E38948 /* Pods_FreqAlertsTests.framework in Frameworks */,
			);
			runOnlyForDeploymentPostprocessing = 0;
		};
		B44269A61E9896A70054EFD1 /* Frameworks */ = {
			isa = PBXFrameworksBuildPhase;
			buildActionMask = 2147483647;
			files = (
				F9DB2E53BDF25C23EC4B2DC0 /* Pods_FreqAlertsUITests.framework in Frameworks */,
			);
			runOnlyForDeploymentPostprocessing = 0;
		};
/* End PBXFrameworksBuildPhase section */

/* Begin PBXGroup section */
		5A0D9E185C5A340507511476 /* Frameworks */ = {
			isa = PBXGroup;
			children = (
				A3B297829F8F503856FF815D /* Pods_FreqAlerts.framework */,
				9F175E94FDD933779054998B /* Pods_FreqAlertsTests.framework */,
				DE53042E3E902AFF11997EB5 /* Pods_FreqAlertsUITests.framework */,
			);
			name = Frameworks;
			sourceTree = "<group>";
		};
		8D717660F8A20CD28F557937 /* Pods */ = {
			isa = PBXGroup;
			children = (
				0D0532D3E0838EDBF3C70C12 /* Pods-FreqAlerts.debug.xcconfig */,
				C20D0C7F228DB71B458D24BF /* Pods-FreqAlerts.release.xcconfig */,
				60E7AC26584D7A6905C85880 /* Pods-FreqAlertsTests.debug.xcconfig */,
				7F89C2BD29E137ED7D8538C0 /* Pods-FreqAlertsTests.release.xcconfig */,
				AB3A21F5642C0434D7A2DD6D /* Pods-FreqAlertsUITests.debug.xcconfig */,
				A40C16F3B818C93E058AD1D3 /* Pods-FreqAlertsUITests.release.xcconfig */,
			);
			name = Pods;
			sourceTree = "<group>";
		};
		B44269811E9896A70054EFD1 = {
			isa = PBXGroup;
			children = (
				B442698C1E9896A70054EFD1 /* FreqAlerts */,
				B44269A11E9896A70054EFD1 /* FreqAlertsTests */,
				B44269AC1E9896A70054EFD1 /* FreqAlertsUITests */,
				B442698B1E9896A70054EFD1 /* Products */,
				8D717660F8A20CD28F557937 /* Pods */,
				5A0D9E185C5A340507511476 /* Frameworks */,
			);
			sourceTree = "<group>";
		};
		B442698B1E9896A70054EFD1 /* Products */ = {
			isa = PBXGroup;
			children = (
				B442698A1E9896A70054EFD1 /* FreqAlerts.app */,
				B442699E1E9896A70054EFD1 /* FreqAlertsTests.xctest */,
				B44269A91E9896A70054EFD1 /* FreqAlertsUITests.xctest */,
			);
			name = Products;
			sourceTree = "<group>";
		};
		B442698C1E9896A70054EFD1 /* FreqAlerts */ = {
			isa = PBXGroup;
			children = (
				B442698D1E9896A70054EFD1 /* AppDelegate.swift */,
				B442698F1E9896A70054EFD1 /* ViewController.swift */,
				B42893CF1E99363500066612 /* ListenVC.swift */,
				B4DFAEA81E99542F00B1AA0A /* FormattingService.swift */,
				B44269911E9896A70054EFD1 /* Main.storyboard */,
				B44269941E9896A70054EFD1 /* Assets.xcassets */,
				B44269961E9896A70054EFD1 /* LaunchScreen.storyboard */,
				B44269991E9896A70054EFD1 /* Info.plist */,
				B4DFAEAF1E995A7800B1AA0A /* PreferencesVC.swift */,
				B4DFAEB31E99651400B1AA0A /* AlarmResponseType.swift */,
				B4DFAEB51E996CDC00B1AA0A /* ImageService.swift */,
				B4DFAEAA1E99595200B1AA0A /* NotificationPreferenceCells */,
				B4518E6F1E997A2D00D8E66D /* UserDefaultsController.swift */,
				B45622761E9B123400C90354 /* slowrise.m4r */,
				B45622731E9B037400C90354 /* Subclass */,
				B45622781E9B164400C90354 /* AttributedStringHelper.swift */,
			);
			path = FreqAlerts;
			sourceTree = "<group>";
		};
		B44269A11E9896A70054EFD1 /* FreqAlertsTests */ = {
			isa = PBXGroup;
			children = (
				B44269A21E9896A70054EFD1 /* FreqAlertsTests.swift */,
				B44269A41E9896A70054EFD1 /* Info.plist */,
			);
			path = FreqAlertsTests;
			sourceTree = "<group>";
		};
		B44269AC1E9896A70054EFD1 /* FreqAlertsUITests */ = {
			isa = PBXGroup;
			children = (
				B44269AD1E9896A70054EFD1 /* FreqAlertsUITests.swift */,
				B44269AF1E9896A70054EFD1 /* Info.plist */,
			);
			path = FreqAlertsUITests;
			sourceTree = "<group>";
		};
		B45622731E9B037400C90354 /* Subclass */ = {
			isa = PBXGroup;
			children = (
				B45622711E9B036E00C90354 /* WaveAlertPieChart.swift */,
			);
			name = Subclass;
			sourceTree = "<group>";
		};
		B4DFAEAA1E99595200B1AA0A /* NotificationPreferenceCells */ = {
			isa = PBXGroup;
			children = (
				B4DFAEAB1E99597100B1AA0A /* NotificationTypeCell.swift */,
				B4DFAEAC1E99597100B1AA0A /* NotificationTypeCell.xib */,
			);
			name = NotificationPreferenceCells;
			sourceTree = "<group>";
		};
/* End PBXGroup section */

/* Begin PBXNativeTarget section */
		B44269891E9896A70054EFD1 /* FreqAlerts */ = {
			isa = PBXNativeTarget;
			buildConfigurationList = B44269B21E9896A70054EFD1 /* Build configuration list for PBXNativeTarget "FreqAlerts" */;
			buildPhases = (
				5F50868428BFFD447F37634A /* [CP] Check Pods Manifest.lock */,
				B44269861E9896A70054EFD1 /* Sources */,
				B44269871E9896A70054EFD1 /* Frameworks */,
				B44269881E9896A70054EFD1 /* Resources */,
				1BDFCF27FDA2DE8CC08FEC0C /* [CP] Embed Pods Frameworks */,
				FADD3A17F035D84D2874F929 /* [CP] Copy Pods Resources */,
				B4C40B481E9BE36E00C7DBE4 /* ShellScript */,
			);
			buildRules = (
			);
			dependencies = (
			);
			name = FreqAlerts;
			productName = FreqAlerts;
			productReference = B442698A1E9896A70054EFD1 /* FreqAlerts.app */;
			productType = "com.apple.product-type.application";
		};
		B442699D1E9896A70054EFD1 /* FreqAlertsTests */ = {
			isa = PBXNativeTarget;
			buildConfigurationList = B44269B51E9896A70054EFD1 /* Build configuration list for PBXNativeTarget "FreqAlertsTests" */;
			buildPhases = (
				C68FE2FB7A3DCEE224911039 /* [CP] Check Pods Manifest.lock */,
				B442699A1E9896A70054EFD1 /* Sources */,
				B442699B1E9896A70054EFD1 /* Frameworks */,
				B442699C1E9896A70054EFD1 /* Resources */,
				A9130DBB60D181B8D22A3A07 /* [CP] Embed Pods Frameworks */,
				17B5EEC322EB46997147840E /* [CP] Copy Pods Resources */,
			);
			buildRules = (
			);
			dependencies = (
				B44269A01E9896A70054EFD1 /* PBXTargetDependency */,
			);
			name = FreqAlertsTests;
			productName = FreqAlertsTests;
			productReference = B442699E1E9896A70054EFD1 /* FreqAlertsTests.xctest */;
			productType = "com.apple.product-type.bundle.unit-test";
		};
		B44269A81E9896A70054EFD1 /* FreqAlertsUITests */ = {
			isa = PBXNativeTarget;
			buildConfigurationList = B44269B81E9896A70054EFD1 /* Build configuration list for PBXNativeTarget "FreqAlertsUITests" */;
			buildPhases = (
				54F5BF06EF5F5778B40B473E /* [CP] Check Pods Manifest.lock */,
				B44269A51E9896A70054EFD1 /* Sources */,
				B44269A61E9896A70054EFD1 /* Frameworks */,
				B44269A71E9896A70054EFD1 /* Resources */,
				24222AFADA81B34C20C57E67 /* [CP] Embed Pods Frameworks */,
				2901D25FD7225D4EB8093000 /* [CP] Copy Pods Resources */,
			);
			buildRules = (
			);
			dependencies = (
				B44269AB1E9896A70054EFD1 /* PBXTargetDependency */,
			);
			name = FreqAlertsUITests;
			productName = FreqAlertsUITests;
			productReference = B44269A91E9896A70054EFD1 /* FreqAlertsUITests.xctest */;
			productType = "com.apple.product-type.bundle.ui-testing";
		};
/* End PBXNativeTarget section */

/* Begin PBXProject section */
		B44269821E9896A70054EFD1 /* Project object */ = {
			isa = PBXProject;
			attributes = {
				LastSwiftUpdateCheck = 0830;
				LastUpgradeCheck = 0830;
				ORGANIZATIONNAME = "Hayden Malcomson";
				TargetAttributes = {
					B44269891E9896A70054EFD1 = {
						CreatedOnToolsVersion = 8.3;
						DevelopmentTeam = 95445YS9Q7;
						ProvisioningStyle = Automatic;
					};
					B442699D1E9896A70054EFD1 = {
						CreatedOnToolsVersion = 8.3;
						DevelopmentTeam = 95445YS9Q7;
						ProvisioningStyle = Automatic;
						TestTargetID = B44269891E9896A70054EFD1;
					};
					B44269A81E9896A70054EFD1 = {
						CreatedOnToolsVersion = 8.3;
						DevelopmentTeam = 95445YS9Q7;
						ProvisioningStyle = Automatic;
						TestTargetID = B44269891E9896A70054EFD1;
					};
				};
			};
			buildConfigurationList = B44269851E9896A70054EFD1 /* Build configuration list for PBXProject "FreqAlerts" */;
			compatibilityVersion = "Xcode 3.2";
			developmentRegion = English;
			hasScannedForEncodings = 0;
			knownRegions = (
				en,
				Base,
			);
			mainGroup = B44269811E9896A70054EFD1;
			productRefGroup = B442698B1E9896A70054EFD1 /* Products */;
			projectDirPath = "";
			projectRoot = "";
			targets = (
				B44269891E9896A70054EFD1 /* FreqAlerts */,
				B442699D1E9896A70054EFD1 /* FreqAlertsTests */,
				B44269A81E9896A70054EFD1 /* FreqAlertsUITests */,
			);
		};
/* End PBXProject section */

/* Begin PBXResourcesBuildPhase section */
		B44269881E9896A70054EFD1 /* Resources */ = {
			isa = PBXResourcesBuildPhase;
			buildActionMask = 2147483647;
			files = (
				B45622771E9B123400C90354 /* slowrise.m4r in Resources */,
				B44269981E9896A70054EFD1 /* LaunchScreen.storyboard in Resources */,
				B44269951E9896A70054EFD1 /* Assets.xcassets in Resources */,
				B4DFAEAE1E99597100B1AA0A /* NotificationTypeCell.xib in Resources */,
				B44269931E9896A70054EFD1 /* Main.storyboard in Resources */,
			);
			runOnlyForDeploymentPostprocessing = 0;
		};
		B442699C1E9896A70054EFD1 /* Resources */ = {
			isa = PBXResourcesBuildPhase;
			buildActionMask = 2147483647;
			files = (
			);
			runOnlyForDeploymentPostprocessing = 0;
		};
		B44269A71E9896A70054EFD1 /* Resources */ = {
			isa = PBXResourcesBuildPhase;
			buildActionMask = 2147483647;
			files = (
			);
			runOnlyForDeploymentPostprocessing = 0;
		};
/* End PBXResourcesBuildPhase section */

/* Begin PBXShellScriptBuildPhase section */
		17B5EEC322EB46997147840E /* [CP] Copy Pods Resources */ = {
			isa = PBXShellScriptBuildPhase;
			buildActionMask = 2147483647;
			files = (
			);
			inputPaths = (
			);
			name = "[CP] Copy Pods Resources";
			outputPaths = (
			);
			runOnlyForDeploymentPostprocessing = 0;
			shellPath = /bin/sh;
			shellScript = "\"${SRCROOT}/Pods/Target Support Files/Pods-FreqAlertsTests/Pods-FreqAlertsTests-resources.sh\"\n";
			showEnvVarsInLog = 0;
		};
		1BDFCF27FDA2DE8CC08FEC0C /* [CP] Embed Pods Frameworks */ = {
			isa = PBXShellScriptBuildPhase;
			buildActionMask = 2147483647;
			files = (
			);
			inputPaths = (
			);
			name = "[CP] Embed Pods Frameworks";
			outputPaths = (
			);
			runOnlyForDeploymentPostprocessing = 0;
			shellPath = /bin/sh;
			shellScript = "\"${SRCROOT}/Pods/Target Support Files/Pods-FreqAlerts/Pods-FreqAlerts-frameworks.sh\"\n";
			showEnvVarsInLog = 0;
		};
		24222AFADA81B34C20C57E67 /* [CP] Embed Pods Frameworks */ = {
			isa = PBXShellScriptBuildPhase;
			buildActionMask = 2147483647;
			files = (
			);
			inputPaths = (
			);
			name = "[CP] Embed Pods Frameworks";
			outputPaths = (
			);
			runOnlyForDeploymentPostprocessing = 0;
			shellPath = /bin/sh;
			shellScript = "\"${SRCROOT}/Pods/Target Support Files/Pods-FreqAlertsUITests/Pods-FreqAlertsUITests-frameworks.sh\"\n";
			showEnvVarsInLog = 0;
		};
		2901D25FD7225D4EB8093000 /* [CP] Copy Pods Resources */ = {
			isa = PBXShellScriptBuildPhase;
			buildActionMask = 2147483647;
			files = (
			);
			inputPaths = (
			);
			name = "[CP] Copy Pods Resources";
			outputPaths = (
			);
			runOnlyForDeploymentPostprocessing = 0;
			shellPath = /bin/sh;
			shellScript = "\"${SRCROOT}/Pods/Target Support Files/Pods-FreqAlertsUITests/Pods-FreqAlertsUITests-resources.sh\"\n";
			showEnvVarsInLog = 0;
		};
		54F5BF06EF5F5778B40B473E /* [CP] Check Pods Manifest.lock */ = {
			isa = PBXShellScriptBuildPhase;
			buildActionMask = 2147483647;
			files = (
			);
			inputPaths = (
			);
			name = "[CP] Check Pods Manifest.lock";
			outputPaths = (
			);
			runOnlyForDeploymentPostprocessing = 0;
			shellPath = /bin/sh;
			shellScript = "diff \"${PODS_ROOT}/../Podfile.lock\" \"${PODS_ROOT}/Manifest.lock\" > /dev/null\nif [ $? != 0 ] ; then\n    # print error to STDERR\n    echo \"error: The sandbox is not in sync with the Podfile.lock. Run 'pod install' or update your CocoaPods installation.\" >&2\n    exit 1\nfi\n";
			showEnvVarsInLog = 0;
		};
		5F50868428BFFD447F37634A /* [CP] Check Pods Manifest.lock */ = {
			isa = PBXShellScriptBuildPhase;
			buildActionMask = 2147483647;
			files = (
			);
			inputPaths = (
			);
			name = "[CP] Check Pods Manifest.lock";
			outputPaths = (
			);
			runOnlyForDeploymentPostprocessing = 0;
			shellPath = /bin/sh;
			shellScript = "diff \"${PODS_ROOT}/../Podfile.lock\" \"${PODS_ROOT}/Manifest.lock\" > /dev/null\nif [ $? != 0 ] ; then\n    # print error to STDERR\n    echo \"error: The sandbox is not in sync with the Podfile.lock. Run 'pod install' or update your CocoaPods installation.\" >&2\n    exit 1\nfi\n";
			showEnvVarsInLog = 0;
		};
		A9130DBB60D181B8D22A3A07 /* [CP] Embed Pods Frameworks */ = {
			isa = PBXShellScriptBuildPhase;
			buildActionMask = 2147483647;
			files = (
			);
			inputPaths = (
			);
			name = "[CP] Embed Pods Frameworks";
			outputPaths = (
			);
			runOnlyForDeploymentPostprocessing = 0;
			shellPath = /bin/sh;
			shellScript = "\"${SRCROOT}/Pods/Target Support Files/Pods-FreqAlertsTests/Pods-FreqAlertsTests-frameworks.sh\"\n";
			showEnvVarsInLog = 0;
		};
		B4C40B481E9BE36E00C7DBE4 /* ShellScript */ = {
			isa = PBXShellScriptBuildPhase;
			buildActionMask = 2147483647;
			files = (
			);
			inputPaths = (
			);
			outputPaths = (
			);
			runOnlyForDeploymentPostprocessing = 0;
			shellPath = /bin/sh;
			shellScript = "\"$BUILT_PRODUCTS_DIR/$FRAMEWORKS_FOLDER_PATH/AudioKit.framework/fix-framework.sh\"";
		};
		C68FE2FB7A3DCEE224911039 /* [CP] Check Pods Manifest.lock */ = {
			isa = PBXShellScriptBuildPhase;
			buildActionMask = 2147483647;
			files = (
			);
			inputPaths = (
			);
			name = "[CP] Check Pods Manifest.lock";
			outputPaths = (
			);
			runOnlyForDeploymentPostprocessing = 0;
			shellPath = /bin/sh;
			shellScript = "diff \"${PODS_ROOT}/../Podfile.lock\" \"${PODS_ROOT}/Manifest.lock\" > /dev/null\nif [ $? != 0 ] ; then\n    # print error to STDERR\n    echo \"error: The sandbox is not in sync with the Podfile.lock. Run 'pod install' or update your CocoaPods installation.\" >&2\n    exit 1\nfi\n";
			showEnvVarsInLog = 0;
		};
		FADD3A17F035D84D2874F929 /* [CP] Copy Pods Resources */ = {
			isa = PBXShellScriptBuildPhase;
			buildActionMask = 2147483647;
			files = (
			);
			inputPaths = (
			);
			name = "[CP] Copy Pods Resources";
			outputPaths = (
			);
			runOnlyForDeploymentPostprocessing = 0;
			shellPath = /bin/sh;
			shellScript = "\"${SRCROOT}/Pods/Target Support Files/Pods-FreqAlerts/Pods-FreqAlerts-resources.sh\"\n";
			showEnvVarsInLog = 0;
		};
/* End PBXShellScriptBuildPhase section */

/* Begin PBXSourcesBuildPhase section */
		B44269861E9896A70054EFD1 /* Sources */ = {
			isa = PBXSourcesBuildPhase;
			buildActionMask = 2147483647;
			files = (
				B4DFAEB41E99651400B1AA0A /* AlarmResponseType.swift in Sources */,
				B4DFAEB61E996CDC00B1AA0A /* ImageService.swift in Sources */,
				B4DFAEAD1E99597100B1AA0A /* NotificationTypeCell.swift in Sources */,
				B45622721E9B036E00C90354 /* WaveAlertPieChart.swift in Sources */,
				B44269901E9896A70054EFD1 /* ViewController.swift in Sources */,
				B42893D01E99363500066612 /* ListenVC.swift in Sources */,
				B4DFAEB01E995A7800B1AA0A /* PreferencesVC.swift in Sources */,
				B4DFAEA91E99542F00B1AA0A /* FormattingService.swift in Sources */,
				B4518E701E997A2D00D8E66D /* UserDefaultsController.swift in Sources */,
				B45622791E9B164400C90354 /* AttributedStringHelper.swift in Sources */,
				B442698E1E9896A70054EFD1 /* AppDelegate.swift in Sources */,
			);
			runOnlyForDeploymentPostprocessing = 0;
		};
		B442699A1E9896A70054EFD1 /* Sources */ = {
			isa = PBXSourcesBuildPhase;
			buildActionMask = 2147483647;
			files = (
				B44269A31E9896A70054EFD1 /* FreqAlertsTests.swift in Sources */,
			);
			runOnlyForDeploymentPostprocessing = 0;
		};
		B44269A51E9896A70054EFD1 /* Sources */ = {
			isa = PBXSourcesBuildPhase;
			buildActionMask = 2147483647;
			files = (
				B44269AE1E9896A70054EFD1 /* FreqAlertsUITests.swift in Sources */,
			);
			runOnlyForDeploymentPostprocessing = 0;
		};
/* End PBXSourcesBuildPhase section */

/* Begin PBXTargetDependency section */
		B44269A01E9896A70054EFD1 /* PBXTargetDependency */ = {
			isa = PBXTargetDependency;
			target = B44269891E9896A70054EFD1 /* FreqAlerts */;
			targetProxy = B442699F1E9896A70054EFD1 /* PBXContainerItemProxy */;
		};
		B44269AB1E9896A70054EFD1 /* PBXTargetDependency */ = {
			isa = PBXTargetDependency;
			target = B44269891E9896A70054EFD1 /* FreqAlerts */;
			targetProxy = B44269AA1E9896A70054EFD1 /* PBXContainerItemProxy */;
		};
/* End PBXTargetDependency section */

/* Begin PBXVariantGroup section */
		B44269911E9896A70054EFD1 /* Main.storyboard */ = {
			isa = PBXVariantGroup;
			children = (
				B44269921E9896A70054EFD1 /* Base */,
			);
			name = Main.storyboard;
			sourceTree = "<group>";
		};
		B44269961E9896A70054EFD1 /* LaunchScreen.storyboard */ = {
			isa = PBXVariantGroup;
			children = (
				B44269971E9896A70054EFD1 /* Base */,
			);
			name = LaunchScreen.storyboard;
			sourceTree = "<group>";
		};
/* End PBXVariantGroup section */

/* Begin XCBuildConfiguration section */
		B44269B01E9896A70054EFD1 /* Debug */ = {
			isa = XCBuildConfiguration;
			buildSettings = {
				ALWAYS_SEARCH_USER_PATHS = NO;
				CLANG_ANALYZER_NONNULL = YES;
				CLANG_ANALYZER_NUMBER_OBJECT_CONVERSION = YES_AGGRESSIVE;
				CLANG_CXX_LANGUAGE_STANDARD = "gnu++0x";
				CLANG_CXX_LIBRARY = "libc++";
				CLANG_ENABLE_MODULES = YES;
				CLANG_ENABLE_OBJC_ARC = YES;
				CLANG_WARN_BOOL_CONVERSION = YES;
				CLANG_WARN_CONSTANT_CONVERSION = YES;
				CLANG_WARN_DIRECT_OBJC_ISA_USAGE = YES_ERROR;
				CLANG_WARN_DOCUMENTATION_COMMENTS = YES;
				CLANG_WARN_EMPTY_BODY = YES;
				CLANG_WARN_ENUM_CONVERSION = YES;
				CLANG_WARN_INFINITE_RECURSION = YES;
				CLANG_WARN_INT_CONVERSION = YES;
				CLANG_WARN_OBJC_ROOT_CLASS = YES_ERROR;
				CLANG_WARN_SUSPICIOUS_MOVE = YES;
				CLANG_WARN_UNREACHABLE_CODE = YES;
				CLANG_WARN__DUPLICATE_METHOD_MATCH = YES;
				"CODE_SIGN_IDENTITY[sdk=iphoneos*]" = "iPhone Developer";
				COPY_PHASE_STRIP = NO;
				DEBUG_INFORMATION_FORMAT = dwarf;
				ENABLE_STRICT_OBJC_MSGSEND = YES;
				ENABLE_TESTABILITY = YES;
				GCC_C_LANGUAGE_STANDARD = gnu99;
				GCC_DYNAMIC_NO_PIC = NO;
				GCC_NO_COMMON_BLOCKS = YES;
				GCC_OPTIMIZATION_LEVEL = 0;
				GCC_PREPROCESSOR_DEFINITIONS = (
					"DEBUG=1",
					"$(inherited)",
				);
				GCC_WARN_64_TO_32_BIT_CONVERSION = YES;
				GCC_WARN_ABOUT_RETURN_TYPE = YES_ERROR;
				GCC_WARN_UNDECLARED_SELECTOR = YES;
				GCC_WARN_UNINITIALIZED_AUTOS = YES_AGGRESSIVE;
				GCC_WARN_UNUSED_FUNCTION = YES;
				GCC_WARN_UNUSED_VARIABLE = YES;
				IPHONEOS_DEPLOYMENT_TARGET = 10.3;
				MTL_ENABLE_DEBUG_INFO = YES;
				ONLY_ACTIVE_ARCH = YES;
				SDKROOT = iphoneos;
				SWIFT_ACTIVE_COMPILATION_CONDITIONS = DEBUG;
				SWIFT_OPTIMIZATION_LEVEL = "-Onone";
				TARGETED_DEVICE_FAMILY = "1,2";
			};
			name = Debug;
		};
		B44269B11E9896A70054EFD1 /* Release */ = {
			isa = XCBuildConfiguration;
			buildSettings = {
				ALWAYS_SEARCH_USER_PATHS = NO;
				CLANG_ANALYZER_NONNULL = YES;
				CLANG_ANALYZER_NUMBER_OBJECT_CONVERSION = YES_AGGRESSIVE;
				CLANG_CXX_LANGUAGE_STANDARD = "gnu++0x";
				CLANG_CXX_LIBRARY = "libc++";
				CLANG_ENABLE_MODULES = YES;
				CLANG_ENABLE_OBJC_ARC = YES;
				CLANG_WARN_BOOL_CONVERSION = YES;
				CLANG_WARN_CONSTANT_CONVERSION = YES;
				CLANG_WARN_DIRECT_OBJC_ISA_USAGE = YES_ERROR;
				CLANG_WARN_DOCUMENTATION_COMMENTS = YES;
				CLANG_WARN_EMPTY_BODY = YES;
				CLANG_WARN_ENUM_CONVERSION = YES;
				CLANG_WARN_INFINITE_RECURSION = YES;
				CLANG_WARN_INT_CONVERSION = YES;
				CLANG_WARN_OBJC_ROOT_CLASS = YES_ERROR;
				CLANG_WARN_SUSPICIOUS_MOVE = YES;
				CLANG_WARN_UNREACHABLE_CODE = YES;
				CLANG_WARN__DUPLICATE_METHOD_MATCH = YES;
				"CODE_SIGN_IDENTITY[sdk=iphoneos*]" = "iPhone Developer";
				COPY_PHASE_STRIP = NO;
				DEBUG_INFORMATION_FORMAT = "dwarf-with-dsym";
				ENABLE_NS_ASSERTIONS = NO;
				ENABLE_STRICT_OBJC_MSGSEND = YES;
				GCC_C_LANGUAGE_STANDARD = gnu99;
				GCC_NO_COMMON_BLOCKS = YES;
				GCC_WARN_64_TO_32_BIT_CONVERSION = YES;
				GCC_WARN_ABOUT_RETURN_TYPE = YES_ERROR;
				GCC_WARN_UNDECLARED_SELECTOR = YES;
				GCC_WARN_UNINITIALIZED_AUTOS = YES_AGGRESSIVE;
				GCC_WARN_UNUSED_FUNCTION = YES;
				GCC_WARN_UNUSED_VARIABLE = YES;
				IPHONEOS_DEPLOYMENT_TARGET = 10.3;
				MTL_ENABLE_DEBUG_INFO = NO;
				SDKROOT = iphoneos;
				SWIFT_OPTIMIZATION_LEVEL = "-Owholemodule";
				TARGETED_DEVICE_FAMILY = "1,2";
				VALIDATE_PRODUCT = YES;
			};
			name = Release;
		};
		B44269B31E9896A70054EFD1 /* Debug */ = {
			isa = XCBuildConfiguration;
			baseConfigurationReference = 0D0532D3E0838EDBF3C70C12 /* Pods-FreqAlerts.debug.xcconfig */;
			buildSettings = {
				ASSETCATALOG_COMPILER_APPICON_NAME = AppIcon;
				DEVELOPMENT_TEAM = 95445YS9Q7;
				INFOPLIST_FILE = FreqAlerts/Info.plist;
				IPHONEOS_DEPLOYMENT_TARGET = 10.2;
				LD_RUNPATH_SEARCH_PATHS = "$(inherited) @executable_path/Frameworks";
				PRODUCT_BUNDLE_IDENTIFIER = com.hmalc.waveAlerts;
				PRODUCT_NAME = "$(TARGET_NAME)";
				SWIFT_VERSION = 3.0;
			};
			name = Debug;
		};
		B44269B41E9896A70054EFD1 /* Release */ = {
			isa = XCBuildConfiguration;
			baseConfigurationReference = C20D0C7F228DB71B458D24BF /* Pods-FreqAlerts.release.xcconfig */;
			buildSettings = {
				ASSETCATALOG_COMPILER_APPICON_NAME = AppIcon;
				DEVELOPMENT_TEAM = 95445YS9Q7;
				INFOPLIST_FILE = FreqAlerts/Info.plist;
				IPHONEOS_DEPLOYMENT_TARGET = 10.2;
				LD_RUNPATH_SEARCH_PATHS = "$(inherited) @executable_path/Frameworks";
				PRODUCT_BUNDLE_IDENTIFIER = com.hmalc.waveAlerts;
				PRODUCT_NAME = "$(TARGET_NAME)";
				SWIFT_VERSION = 3.0;
			};
			name = Release;
		};
		B44269B61E9896A70054EFD1 /* Debug */ = {
			isa = XCBuildConfiguration;
			baseConfigurationReference = 60E7AC26584D7A6905C85880 /* Pods-FreqAlertsTests.debug.xcconfig */;
			buildSettings = {
				ALWAYS_EMBED_SWIFT_STANDARD_LIBRARIES = YES;
				BUNDLE_LOADER = "$(TEST_HOST)";
				DEVELOPMENT_TEAM = 95445YS9Q7;
				INFOPLIST_FILE = FreqAlertsTests/Info.plist;
				LD_RUNPATH_SEARCH_PATHS = "$(inherited) @executable_path/Frameworks @loader_path/Frameworks";
				PRODUCT_BUNDLE_IDENTIFIER = com.hmalc.freqAlerts.FreqAlertsTests;
				PRODUCT_NAME = "$(TARGET_NAME)";
				SWIFT_VERSION = 3.0;
				TEST_HOST = "$(BUILT_PRODUCTS_DIR)/FreqAlerts.app/FreqAlerts";
			};
			name = Debug;
		};
		B44269B71E9896A70054EFD1 /* Release */ = {
			isa = XCBuildConfiguration;
			baseConfigurationReference = 7F89C2BD29E137ED7D8538C0 /* Pods-FreqAlertsTests.release.xcconfig */;
			buildSettings = {
				ALWAYS_EMBED_SWIFT_STANDARD_LIBRARIES = YES;
				BUNDLE_LOADER = "$(TEST_HOST)";
				DEVELOPMENT_TEAM = 95445YS9Q7;
				INFOPLIST_FILE = FreqAlertsTests/Info.plist;
				LD_RUNPATH_SEARCH_PATHS = "$(inherited) @executable_path/Frameworks @loader_path/Frameworks";
				PRODUCT_BUNDLE_IDENTIFIER = com.hmalc.freqAlerts.FreqAlertsTests;
				PRODUCT_NAME = "$(TARGET_NAME)";
				SWIFT_VERSION = 3.0;
				TEST_HOST = "$(BUILT_PRODUCTS_DIR)/FreqAlerts.app/FreqAlerts";
			};
			name = Release;
		};
		B44269B91E9896A70054EFD1 /* Debug */ = {
			isa = XCBuildConfiguration;
			baseConfigurationReference = AB3A21F5642C0434D7A2DD6D /* Pods-FreqAlertsUITests.debug.xcconfig */;
			buildSettings = {
				ALWAYS_EMBED_SWIFT_STANDARD_LIBRARIES = YES;
				DEVELOPMENT_TEAM = 95445YS9Q7;
				INFOPLIST_FILE = FreqAlertsUITests/Info.plist;
				LD_RUNPATH_SEARCH_PATHS = "$(inherited) @executable_path/Frameworks @loader_path/Frameworks";
				PRODUCT_BUNDLE_IDENTIFIER = com.hmalc.freqAlerts.FreqAlertsUITests;
				PRODUCT_NAME = "$(TARGET_NAME)";
				SWIFT_VERSION = 3.0;
				TEST_TARGET_NAME = FreqAlerts;
			};
			name = Debug;
		};
		B44269BA1E9896A70054EFD1 /* Release */ = {
			isa = XCBuildConfiguration;
			baseConfigurationReference = A40C16F3B818C93E058AD1D3 /* Pods-FreqAlertsUITests.release.xcconfig */;
			buildSettings = {
				ALWAYS_EMBED_SWIFT_STANDARD_LIBRARIES = YES;
				DEVELOPMENT_TEAM = 95445YS9Q7;
				INFOPLIST_FILE = FreqAlertsUITests/Info.plist;
				LD_RUNPATH_SEARCH_PATHS = "$(inherited) @executable_path/Frameworks @loader_path/Frameworks";
				PRODUCT_BUNDLE_IDENTIFIER = com.hmalc.freqAlerts.FreqAlertsUITests;
				PRODUCT_NAME = "$(TARGET_NAME)";
				SWIFT_VERSION = 3.0;
				TEST_TARGET_NAME = FreqAlerts;
			};
			name = Release;
		};
/* End XCBuildConfiguration section */

/* Begin XCConfigurationList section */
		B44269851E9896A70054EFD1 /* Build configuration list for PBXProject "FreqAlerts" */ = {
			isa = XCConfigurationList;
			buildConfigurations = (
				B44269B01E9896A70054EFD1 /* Debug */,
				B44269B11E9896A70054EFD1 /* Release */,
			);
			defaultConfigurationIsVisible = 0;
			defaultConfigurationName = Release;
		};
		B44269B21E9896A70054EFD1 /* Build configuration list for PBXNativeTarget "FreqAlerts" */ = {
			isa = XCConfigurationList;
			buildConfigurations = (
				B44269B31E9896A70054EFD1 /* Debug */,
				B44269B41E9896A70054EFD1 /* Release */,
			);
			defaultConfigurationIsVisible = 0;
			defaultConfigurationName = Release;
		};
		B44269B51E9896A70054EFD1 /* Build configuration list for PBXNativeTarget "FreqAlertsTests" */ = {
			isa = XCConfigurationList;
			buildConfigurations = (
				B44269B61E9896A70054EFD1 /* Debug */,
				B44269B71E9896A70054EFD1 /* Release */,
			);
			defaultConfigurationIsVisible = 0;
			defaultConfigurationName = Release;
		};
		B44269B81E9896A70054EFD1 /* Build configuration list for PBXNativeTarget "FreqAlertsUITests" */ = {
			isa = XCConfigurationList;
			buildConfigurations = (
				B44269B91E9896A70054EFD1 /* Debug */,
				B44269BA1E9896A70054EFD1 /* Release */,
			);
			defaultConfigurationIsVisible = 0;
			defaultConfigurationName = Release;
		};
/* End XCConfigurationList section */
	};
	rootObject = B44269821E9896A70054EFD1 /* Project object */;
}
